
Microsoft Visual Studio Solution File, Format Version 12.00
# Visual Studio Version 17
VisualStudioVersion = 17.3.32819.101
MinimumVisualStudioVersion = 10.0.40219.1
Project("{FAE04EC0-301F-11D3-BF4B-00C04F79EFBC}") = "lerArquivos", "lerArquivos\lerArquivos.csproj", "{EF43459E-9CB0-4810-B92C-AFA41AF1F250}"
EndProject
Global
	GlobalSection(SolutionConfigurationPlatforms) = preSolution
		Debug|Any CPU = Debug|Any CPU
		Release|Any CPU = Release|Any CPU
	EndGlobalSection
	GlobalSection(ProjectConfigurationPlatforms) = postSolution
		{EF43459E-9CB0-4810-B92C-AFA41AF1F250}.Debug|Any CPU.ActiveCfg = Debug|Any CPU
		{EF43459E-9CB0-4810-B92C-AFA41AF1F250}.Debug|Any CPU.Build.0 = Debug|Any CPU
		{EF43459E-9CB0-4810-B92C-AFA41AF1F250}.Release|Any CPU.ActiveCfg = Release|Any CPU
		{EF43459E-9CB0-4810-B92C-AFA41AF1F250}.Release|Any CPU.Build.0 = Release|Any CPU
	EndGlobalSection
	GlobalSection(SolutionProperties) = preSolution
		HideSolutionNode = FALSE
	EndGlobalSection
	GlobalSection(ExtensibilityGlobals) = postSolution
		SolutionGuid = {C2AF5434-DDD7-4F9C-8091-66817BBB4295}
	EndGlobalSection
EndGlobal
